<?xml version="1.0" encoding="utf-8"?>
<Project ToolsVersion="4.0" xmlns="http://schemas.microsoft.com/developer/msbuild/2003">
  <ItemGroup>
    <Filter Include="AutoGenerated">
      <UniqueIdentifier>{01d34853-065c-4be1-b6d3-d3f55875974b}</UniqueIdentifier>
    </Filter>
    <Filter Include="optionModel">
      <UniqueIdentifier>{c40484df-85b1-4af6-bfa3-d19061af2c69}</UniqueIdentifier>
    </Filter>
  </ItemGroup>
  <ItemGroup>
    <ClCompile Include="source\source.cpp" />
    <ClCompile Include="AutoGeneratedSource\mxlwcppinterface.cpp">
      <Filter>AutoGenerated</Filter>
    </ClCompile>
    <ClCompile Include="AutoGeneratedSource\xlwcppinterface.cpp">
      <Filter>AutoGenerated</Filter>
    </ClCompile>
    <ClCompile Include="optionModel\algorithmLib.cpp">
      <Filter>optionModel</Filter>
    </ClCompile>
    <ClCompile Include="optionModel\americanPrice.cpp">
      <Filter>optionModel</Filter>
    </ClCompile>
    <ClCompile Include="optionModel\asianPrice.cpp">
      <Filter>optionModel</Filter>
    </ClCompile>
    <ClCompile Include="optionModel\barrierPrice.cpp">
      <Filter>optionModel</Filter>
    </ClCompile>
    <ClCompile Include="optionModel\digital.cpp">
      <Filter>optionModel</Filter>
    </ClCompile>
    <ClCompile Include="optionModel\europeanPrice.cpp">
      <Filter>optionModel</Filter>
    </ClCompile>
    <ClCompile Include="optionModel\option.cpp">
      <Filter>optionModel</Filter>
    </ClCompile>
    <ClCompile Include="optionModel\structure.cpp">
      <Filter>optionModel</Filter>
    </ClCompile>
    <ClCompile Include="optionModel\asianBarrier.cpp">
      <Filter>optionModel</Filter>
    </ClCompile>
    <ClCompile Include="optionModel\spreadEuropean.cpp">
      <Filter>optionModel</Filter>
    </ClCompile>
  </ItemGroup>
  <ItemGroup>
    <ClInclude Include="source\cppinterface.h" />
    <ClInclude Include="AutoGeneratedSource\mxlwcppinterface.h">
      <Filter>AutoGenerated</Filter>
    </ClInclude>
    <ClInclude Include="optionModel\algorithmLib.h">
      <Filter>optionModel</Filter>
    </ClInclude>
    <ClInclude Include="optionModel\americanPrice.h">
      <Filter>optionModel</Filter>
    </ClInclude>
    <ClInclude Include="optionModel\asianPrice.h">
      <Filter>optionModel</Filter>
    </ClInclude>
    <ClInclude Include="optionModel\barrierPrice.h">
      <Filter>optionModel</Filter>
    </ClInclude>
    <ClInclude Include="optionModel\digital.h">
      <Filter>optionModel</Filter>
    </ClInclude>
    <ClInclude Include="optionModel\europeanPrice.h">
      <Filter>optionModel</Filter>
    </ClInclude>
    <ClInclude Include="optionModel\option.h">
      <Filter>optionModel</Filter>
    </ClInclude>
    <ClInclude Include="optionModel\stdafx.h">
      <Filter>optionModel</Filter>
    </ClInclude>
    <ClInclude Include="optionModel\structure.h">
      <Filter>optionModel</Filter>
    </ClInclude>
    <ClInclude Include="optionModel\asianBarrier.h">
      <Filter>optionModel</Filter>
    </ClInclude>
    <ClInclude Include="optionModel\spreadEuropean.h">
      <Filter>optionModel</Filter>
    </ClInclude>
  </ItemGroup>
</Project>